<?xml version="1.0" encoding="utf-8"?>
<Project ToolsVersion="17.0" xmlns="http://schemas.microsoft.com/developer/msbuild/2003">
  <ItemGroup>
    <ClCompile Include="D:\Games Development\git\Tempest\EngineSrc\Tempest\vender\glew-2.1.0\src\glew.c">
      <Filter>Source Files</Filter>
    </ClCompile>
  </ItemGroup>
  <ItemGroup>
    <ClInclude Include="D:\Games Development\git\Tempest\EngineSrc\Tempest\vender\glew-2.1.0\include\GL\glew.h">
      <Filter>Header Files</Filter>
    </ClInclude>
    <ClInclude Include="D:\Games Development\git\Tempest\EngineSrc\Tempest\vender\glew-2.1.0\include\GL\eglew.h">
      <Filter>Header Files</Filter>
    </ClInclude>
    <ClInclude Include="D:\Games Development\git\Tempest\EngineSrc\Tempest\vender\glew-2.1.0\include\GL\glxew.h">
      <Filter>Header Files</Filter>
    </ClInclude>
    <ClInclude Include="D:\Games Development\git\Tempest\EngineSrc\Tempest\vender\glew-2.1.0\include\GL\wglew.h">
      <Filter>Header Files</Filter>
    </ClInclude>
  </ItemGroup>
  <ItemGroup>
    <CustomBuild Include="D:\Games Development\git\Tempest\EngineSrc\Tempest\vender\glew-2.1.0\CMakeLists.txt" />
  </ItemGroup>
  <ItemGroup>
    <Filter Include="Header Files">
      <UniqueIdentifier>{037A4F26-292E-395D-83B7-4099A9A938E7}</UniqueIdentifier>
    </Filter>
    <Filter Include="Source Files">
      <UniqueIdentifier>{6980D45B-3620-3183-AC87-4A56E8E28FF7}</UniqueIdentifier>
    </Filter>
  </ItemGroup>
</Project>
